// !$*UTF8*$!
{
	archiveVersion = 1;
	classes = {
	};
	objectVersion = 46;
	objects = {

/* Begin PBXBuildFile section */
		A208CF6E1CAB9831005872C2 /* Granthall.JPG in Resources */ = {isa = PBXBuildFile; fileRef = A208CF6D1CAB9831005872C2 /* Granthall.JPG */; };
		A208CF711CAB9D3C005872C2 /* GrantHallIphone.jpg in Resources */ = {isa = PBXBuildFile; fileRef = A208CF701CAB9D3C005872C2 /* GrantHallIphone.jpg */; };
		A212C9881C83F15B00D41956 /* AppDelegate.swift in Sources */ = {isa = PBXBuildFile; fileRef = A212C9871C83F15B00D41956 /* AppDelegate.swift */; };
		A212C98A1C83F15B00D41956 /* ViewController.swift in Sources */ = {isa = PBXBuildFile; fileRef = A212C9891C83F15B00D41956 /* ViewController.swift */; };
		A212C98D1C83F15B00D41956 /* Main.storyboard in Resources */ = {isa = PBXBuildFile; fileRef = A212C98B1C83F15B00D41956 /* Main.storyboard */; };
		A212C98F1C83F15B00D41956 /* Assets.xcassets in Resources */ = {isa = PBXBuildFile; fileRef = A212C98E1C83F15B00D41956 /* Assets.xcassets */; };
		A212C9921C83F15B00D41956 /* LaunchScreen.storyboard in Resources */ = {isa = PBXBuildFile; fileRef = A212C9901C83F15B00D41956 /* LaunchScreen.storyboard */; };
		A2150AD41CAC9F0B00F0393C /* Review.swift in Sources */ = {isa = PBXBuildFile; fileRef = A2150AD31CAC9F0B00F0393C /* Review.swift */; };
		A21711AF1C9A500C00F28399 /* Qbnb logo copy.png in Resources */ = {isa = PBXBuildFile; fileRef = A21711AD1C9A500C00F28399 /* Qbnb logo copy.png */; };
		A21711B01C9A500C00F28399 /* wall copy.png in Resources */ = {isa = PBXBuildFile; fileRef = A21711AE1C9A500C00F28399 /* wall copy.png */; };
		A21885531CACCF190033C599 /* EditAccountViewController.swift in Sources */ = {isa = PBXBuildFile; fileRef = A21885521CACCF190033C599 /* EditAccountViewController.swift */; };
		A21885561CACD5E20033C599 /* MemberAdminTableViewController.swift in Sources */ = {isa = PBXBuildFile; fileRef = A21885551CACD5E20033C599 /* MemberAdminTableViewController.swift */; };
		A21885581CACD5EF0033C599 /* MemberTableViewCell.swift in Sources */ = {isa = PBXBuildFile; fileRef = A21885571CACD5EF0033C599 /* MemberTableViewCell.swift */; };
		A218855A1CACD6280033C599 /* MemberAdmin.swift in Sources */ = {isa = PBXBuildFile; fileRef = A21885591CACD6280033C599 /* MemberAdmin.swift */; };
		A218855C1CACD92C0033C599 /* AdminViewController.swift in Sources */ = {isa = PBXBuildFile; fileRef = A218855B1CACD92C0033C599 /* AdminViewController.swift */; };
		A220F92D1C9A8030000F8E50 /* QBnB.png in Resources */ = {isa = PBXBuildFile; fileRef = A220F92C1C9A8030000F8E50 /* QBnB.png */; };
		A2434FAF1CABA3BE0082FAEC /* MyAccountViewController.swift in Sources */ = {isa = PBXBuildFile; fileRef = A2434FAE1CABA3BE0082FAEC /* MyAccountViewController.swift */; };
		A2434FB11CABA3F10082FAEC /* SearchViewController.swift in Sources */ = {isa = PBXBuildFile; fileRef = A2434FB01CABA3F10082FAEC /* SearchViewController.swift */; };
		A2434FB31CABA4100082FAEC /* MyPropertiesViewController.swift in Sources */ = {isa = PBXBuildFile; fileRef = A2434FB21CABA4100082FAEC /* MyPropertiesViewController.swift */; };
		A2434FB51CABA4460082FAEC /* MyBookingViewController.swift in Sources */ = {isa = PBXBuildFile; fileRef = A2434FB41CABA4460082FAEC /* MyBookingViewController.swift */; };
		A2434FB71CABAE350082FAEC /* TabController.swift in Sources */ = {isa = PBXBuildFile; fileRef = A2434FB61CABAE350082FAEC /* TabController.swift */; };
		A25E2A361C9BCE9C00E3A464 /* ImgLookupVC.swift in Sources */ = {isa = PBXBuildFile; fileRef = A25E2A351C9BCE9C00E3A464 /* ImgLookupVC.swift */; };
		A25F89521CAB4382005CC592 /* TabsStoryboard.storyboard in Resources */ = {isa = PBXBuildFile; fileRef = A25F89511CAB4382005CC592 /* TabsStoryboard.storyboard */; };
		A25F895E1CAB46B2005CC592 /* TabImages.xcassets in Resources */ = {isa = PBXBuildFile; fileRef = A25F895D1CAB46B2005CC592 /* TabImages.xcassets */; };
		A25F89631CAB780D005CC592 /* HomeTabViewController.swift in Sources */ = {isa = PBXBuildFile; fileRef = A25F89621CAB780D005CC592 /* HomeTabViewController.swift */; };
		A29826711C9BAAA500B16098 /* CreateAccountViewController.swift in Sources */ = {isa = PBXBuildFile; fileRef = A29826701C9BAAA500B16098 /* CreateAccountViewController.swift */; };
		A2DB31201CAC24BF000065A9 /* queensufly.jpg in Resources */ = {isa = PBXBuildFile; fileRef = A2DB311F1CAC24BF000065A9 /* queensufly.jpg */; };
		A2DB31231CAC41BD000065A9 /* MyReviewsTableViewController.swift in Sources */ = {isa = PBXBuildFile; fileRef = A2DB31221CAC41BD000065A9 /* MyReviewsTableViewController.swift */; };
		A2DB31251CAC4224000065A9 /* ReviewTableViewCell.swift in Sources */ = {isa = PBXBuildFile; fileRef = A2DB31241CAC4224000065A9 /* ReviewTableViewCell.swift */; };
/* End PBXBuildFile section */

/* Begin PBXFileReference section */
		A208CF6D1CAB9831005872C2 /* Granthall.JPG */ = {isa = PBXFileReference; lastKnownFileType = image.jpeg; path = Granthall.JPG; sourceTree = "<group>"; };
		A208CF701CAB9D3C005872C2 /* GrantHallIphone.jpg */ = {isa = PBXFileReference; lastKnownFileType = image.jpeg; path = GrantHallIphone.jpg; sourceTree = "<group>"; };
		A212C9841C83F15B00D41956 /* QBnB.app */ = {isa = PBXFileReference; explicitFileType = wrapper.application; includeInIndex = 0; path = QBnB.app; sourceTree = BUILT_PRODUCTS_DIR; };
		A212C9871C83F15B00D41956 /* AppDelegate.swift */ = {isa = PBXFileReference; lastKnownFileType = sourcecode.swift; path = AppDelegate.swift; sourceTree = "<group>"; };
		A212C9891C83F15B00D41956 /* ViewController.swift */ = {isa = PBXFileReference; lastKnownFileType = sourcecode.swift; path = ViewController.swift; sourceTree = "<group>"; };
		A212C98C1C83F15B00D41956 /* Base */ = {isa = PBXFileReference; lastKnownFileType = file.storyboard; name = Base; path = Base.lproj/Main.storyboard; sourceTree = "<group>"; };
		A212C98E1C83F15B00D41956 /* Assets.xcassets */ = {isa = PBXFileReference; lastKnownFileType = folder.assetcatalog; path = Assets.xcassets; sourceTree = "<group>"; };
		A212C9911C83F15B00D41956 /* Base */ = {isa = PBXFileReference; lastKnownFileType = file.storyboard; name = Base; path = Base.lproj/LaunchScreen.storyboard; sourceTree = "<group>"; };
		A212C9931C83F15B00D41956 /* Info.plist */ = {isa = PBXFileReference; lastKnownFileType = text.plist.xml; path = Info.plist; sourceTree = "<group>"; };
		A2150AD31CAC9F0B00F0393C /* Review.swift */ = {isa = PBXFileReference; fileEncoding = 4; lastKnownFileType = sourcecode.swift; path = Review.swift; sourceTree = "<group>"; };
		A21711AD1C9A500C00F28399 /* Qbnb logo copy.png */ = {isa = PBXFileReference; lastKnownFileType = image.png; name = "Qbnb logo copy.png"; path = "Image Assets/Qbnb logo copy.png"; sourceTree = "<group>"; };
		A21711AE1C9A500C00F28399 /* wall copy.png */ = {isa = PBXFileReference; lastKnownFileType = image.png; name = "wall copy.png"; path = "Image Assets/wall copy.png"; sourceTree = "<group>"; };
		A21885521CACCF190033C599 /* EditAccountViewController.swift */ = {isa = PBXFileReference; fileEncoding = 4; lastKnownFileType = sourcecode.swift; path = EditAccountViewController.swift; sourceTree = "<group>"; };
		A21885551CACD5E20033C599 /* MemberAdminTableViewController.swift */ = {isa = PBXFileReference; fileEncoding = 4; lastKnownFileType = sourcecode.swift; path = MemberAdminTableViewController.swift; sourceTree = "<group>"; };
		A21885571CACD5EF0033C599 /* MemberTableViewCell.swift */ = {isa = PBXFileReference; fileEncoding = 4; lastKnownFileType = sourcecode.swift; path = MemberTableViewCell.swift; sourceTree = "<group>"; };
		A21885591CACD6280033C599 /* MemberAdmin.swift */ = {isa = PBXFileReference; fileEncoding = 4; lastKnownFileType = sourcecode.swift; path = MemberAdmin.swift; sourceTree = "<group>"; };
		A218855B1CACD92C0033C599 /* AdminViewController.swift */ = {isa = PBXFileReference; fileEncoding = 4; lastKnownFileType = sourcecode.swift; path = AdminViewController.swift; sourceTree = "<group>"; };
		A220F92C1C9A8030000F8E50 /* QBnB.png */ = {isa = PBXFileReference; lastKnownFileType = image.png; name = QBnB.png; path = "Image Assets/QBnB.png"; sourceTree = "<group>"; };
		A2434FAE1CABA3BE0082FAEC /* MyAccountViewController.swift */ = {isa = PBXFileReference; fileEncoding = 4; lastKnownFileType = sourcecode.swift; path = MyAccountViewController.swift; sourceTree = "<group>"; };
		A2434FB01CABA3F10082FAEC /* SearchViewController.swift */ = {isa = PBXFileReference; fileEncoding = 4; lastKnownFileType = sourcecode.swift; path = SearchViewController.swift; sourceTree = "<group>"; };
		A2434FB21CABA4100082FAEC /* MyPropertiesViewController.swift */ = {isa = PBXFileReference; fileEncoding = 4; lastKnownFileType = sourcecode.swift; path = MyPropertiesViewController.swift; sourceTree = "<group>"; };
		A2434FB41CABA4460082FAEC /* MyBookingViewController.swift */ = {isa = PBXFileReference; fileEncoding = 4; lastKnownFileType = sourcecode.swift; path = MyBookingViewController.swift; sourceTree = "<group>"; };
		A2434FB61CABAE350082FAEC /* TabController.swift */ = {isa = PBXFileReference; fileEncoding = 4; lastKnownFileType = sourcecode.swift; path = TabController.swift; sourceTree = "<group>"; };
		A25E2A351C9BCE9C00E3A464 /* ImgLookupVC.swift */ = {isa = PBXFileReference; fileEncoding = 4; lastKnownFileType = sourcecode.swift; path = ImgLookupVC.swift; sourceTree = "<group>"; };
		A25F89511CAB4382005CC592 /* TabsStoryboard.storyboard */ = {isa = PBXFileReference; fileEncoding = 4; lastKnownFileType = file.storyboard; path = TabsStoryboard.storyboard; sourceTree = "<group>"; };
		A25F895D1CAB46B2005CC592 /* TabImages.xcassets */ = {isa = PBXFileReference; lastKnownFileType = folder.assetcatalog; path = TabImages.xcassets; sourceTree = "<group>"; };
		A25F89621CAB780D005CC592 /* HomeTabViewController.swift */ = {isa = PBXFileReference; fileEncoding = 4; lastKnownFileType = sourcecode.swift; path = HomeTabViewController.swift; sourceTree = "<group>"; };
		A29826701C9BAAA500B16098 /* CreateAccountViewController.swift */ = {isa = PBXFileReference; fileEncoding = 4; lastKnownFileType = sourcecode.swift; path = CreateAccountViewController.swift; sourceTree = "<group>"; };
		A2DB311F1CAC24BF000065A9 /* queensufly.jpg */ = {isa = PBXFileReference; lastKnownFileType = image.jpeg; path = queensufly.jpg; sourceTree = "<group>"; };
		A2DB31221CAC41BD000065A9 /* MyReviewsTableViewController.swift */ = {isa = PBXFileReference; fileEncoding = 4; lastKnownFileType = sourcecode.swift; path = MyReviewsTableViewController.swift; sourceTree = "<group>"; };
		A2DB31241CAC4224000065A9 /* ReviewTableViewCell.swift */ = {isa = PBXFileReference; fileEncoding = 4; lastKnownFileType = sourcecode.swift; path = ReviewTableViewCell.swift; sourceTree = "<group>"; };
/* End PBXFileReference section */

/* Begin PBXFrameworksBuildPhase section */
		A212C9811C83F15B00D41956 /* Frameworks */ = {
			isa = PBXFrameworksBuildPhase;
			buildActionMask = 2147483647;
			files = (
			);
			runOnlyForDeploymentPostprocessing = 0;
		};
/* End PBXFrameworksBuildPhase section */

/* Begin PBXGroup section */
		A212C97B1C83F15B00D41956 = {
			isa = PBXGroup;
			children = (
				A212C9861C83F15B00D41956 /* QBnB */,
				A212C9851C83F15B00D41956 /* Products */,
			);
			sourceTree = "<group>";
		};
		A212C9851C83F15B00D41956 /* Products */ = {
			isa = PBXGroup;
			children = (
				A212C9841C83F15B00D41956 /* QBnB.app */,
			);
			name = Products;
			sourceTree = "<group>";
		};
		A212C9861C83F15B00D41956 /* QBnB */ = {
			isa = PBXGroup;
			children = (
				A25F89601CAB764E005CC592 /* Base App */,
				A25F895F1CAB7619005CC592 /* Login Screen */,
				A21711AC1C9A4F5F00F28399 /* Image Assets */,
				A25F89611CAB7662005CC592 /* Tab Screens */,
				A212C98E1C83F15B00D41956 /* Assets.xcassets */,
				A212C9931C83F15B00D41956 /* Info.plist */,
			);
			path = QBnB;
			sourceTree = "<group>";
		};
		A21711AC1C9A4F5F00F28399 /* Image Assets */ = {
			isa = PBXGroup;
			children = (
				A2DB311F1CAC24BF000065A9 /* queensufly.jpg */,
				A208CF701CAB9D3C005872C2 /* GrantHallIphone.jpg */,
				A208CF6D1CAB9831005872C2 /* Granthall.JPG */,
				A25F89531CAB455B005CC592 /* Tab Images */,
				A21711AD1C9A500C00F28399 /* Qbnb logo copy.png */,
				A21711AE1C9A500C00F28399 /* wall copy.png */,
				A220F92C1C9A8030000F8E50 /* QBnB.png */,
			);
			name = "Image Assets";
			sourceTree = "<group>";
		};
		A21885541CACD4DD0033C599 /* Member Admin */ = {
			isa = PBXGroup;
			children = (
				A21885551CACD5E20033C599 /* MemberAdminTableViewController.swift */,
				A21885571CACD5EF0033C599 /* MemberTableViewCell.swift */,
				A21885591CACD6280033C599 /* MemberAdmin.swift */,
				A218855B1CACD92C0033C599 /* AdminViewController.swift */,
			);
			name = "Member Admin";
			sourceTree = "<group>";
		};
		A25F89531CAB455B005CC592 /* Tab Images */ = {
			isa = PBXGroup;
			children = (
				A25F895D1CAB46B2005CC592 /* TabImages.xcassets */,
			);
			name = "Tab Images";
			sourceTree = "<group>";
		};
		A25F895F1CAB7619005CC592 /* Login Screen */ = {
			isa = PBXGroup;
			children = (
				A212C9891C83F15B00D41956 /* ViewController.swift */,
				A212C98B1C83F15B00D41956 /* Main.storyboard */,
				A29826701C9BAAA500B16098 /* CreateAccountViewController.swift */,
				A25E2A351C9BCE9C00E3A464 /* ImgLookupVC.swift */,
			);
			name = "Login Screen";
			sourceTree = "<group>";
		};
		A25F89601CAB764E005CC592 /* Base App */ = {
			isa = PBXGroup;
			children = (
				A212C9871C83F15B00D41956 /* AppDelegate.swift */,
				A212C9901C83F15B00D41956 /* LaunchScreen.storyboard */,
			);
			name = "Base App";
			sourceTree = "<group>";
		};
		A25F89611CAB7662005CC592 /* Tab Screens */ = {
			isa = PBXGroup;
			children = (
				A25F89511CAB4382005CC592 /* TabsStoryboard.storyboard */,
				A2DB31211CAC41A4000065A9 /* My Account */,
				A25F89621CAB780D005CC592 /* HomeTabViewController.swift */,
				A2434FB01CABA3F10082FAEC /* SearchViewController.swift */,
				A2434FB21CABA4100082FAEC /* MyPropertiesViewController.swift */,
				A2434FB41CABA4460082FAEC /* MyBookingViewController.swift */,
				A2434FB61CABAE350082FAEC /* TabController.swift */,
			);
			name = "Tab Screens";
			sourceTree = "<group>";
		};
		A2DB31211CAC41A4000065A9 /* My Account */ = {
			isa = PBXGroup;
			children = (
				A21885541CACD4DD0033C599 /* Member Admin */,
				A2434FAE1CABA3BE0082FAEC /* MyAccountViewController.swift */,
				A2DB31221CAC41BD000065A9 /* MyReviewsTableViewController.swift */,
				A2DB31241CAC4224000065A9 /* ReviewTableViewCell.swift */,
				A2150AD31CAC9F0B00F0393C /* Review.swift */,
				A21885521CACCF190033C599 /* EditAccountViewController.swift */,
			);
			name = "My Account";
			sourceTree = "<group>";
		};
/* End PBXGroup section */

/* Begin PBXNativeTarget section */
		A212C9831C83F15B00D41956 /* QBnB */ = {
			isa = PBXNativeTarget;
			buildConfigurationList = A212C9961C83F15B00D41956 /* Build configuration list for PBXNativeTarget "QBnB" */;
			buildPhases = (
				A212C9801C83F15B00D41956 /* Sources */,
				A212C9811C83F15B00D41956 /* Frameworks */,
				A212C9821C83F15B00D41956 /* Resources */,
			);
			buildRules = (
			);
			dependencies = (
			);
			name = QBnB;
			productName = QBnB;
			productReference = A212C9841C83F15B00D41956 /* QBnB.app */;
			productType = "com.apple.product-type.application";
		};
/* End PBXNativeTarget section */

/* Begin PBXProject section */
		A212C97C1C83F15B00D41956 /* Project object */ = {
			isa = PBXProject;
			attributes = {
				LastSwiftUpdateCheck = 0720;
				LastUpgradeCheck = 0720;
				ORGANIZATIONNAME = "Mitchell Waite";
				TargetAttributes = {
					A212C9831C83F15B00D41956 = {
						CreatedOnToolsVersion = 7.2.1;
						DevelopmentTeam = SX6WYXD9SV;
					};
				};
			};
			buildConfigurationList = A212C97F1C83F15B00D41956 /* Build configuration list for PBXProject "QBnB" */;
			compatibilityVersion = "Xcode 3.2";
			developmentRegion = English;
			hasScannedForEncodings = 0;
			knownRegions = (
				en,
				Base,
			);
			mainGroup = A212C97B1C83F15B00D41956;
			productRefGroup = A212C9851C83F15B00D41956 /* Products */;
			projectDirPath = "";
			projectRoot = "";
			targets = (
				A212C9831C83F15B00D41956 /* QBnB */,
			);
		};
/* End PBXProject section */

/* Begin PBXResourcesBuildPhase section */
		A212C9821C83F15B00D41956 /* Resources */ = {
			isa = PBXResourcesBuildPhase;
			buildActionMask = 2147483647;
			files = (
				A220F92D1C9A8030000F8E50 /* QBnB.png in Resources */,
				A21711AF1C9A500C00F28399 /* Qbnb logo copy.png in Resources */,
				A208CF711CAB9D3C005872C2 /* GrantHallIphone.jpg in Resources */,
				A2DB31201CAC24BF000065A9 /* queensufly.jpg in Resources */,
				A25F89521CAB4382005CC592 /* TabsStoryboard.storyboard in Resources */,
				A208CF6E1CAB9831005872C2 /* Granthall.JPG in Resources */,
				A25F895E1CAB46B2005CC592 /* TabImages.xcassets in Resources */,
				A212C9921C83F15B00D41956 /* LaunchScreen.storyboard in Resources */,
				A21711B01C9A500C00F28399 /* wall copy.png in Resources */,
				A212C98F1C83F15B00D41956 /* Assets.xcassets in Resources */,
				A212C98D1C83F15B00D41956 /* Main.storyboard in Resources */,
			);
			runOnlyForDeploymentPostprocessing = 0;
		};
/* End PBXResourcesBuildPhase section */

/* Begin PBXSourcesBuildPhase section */
		A212C9801C83F15B00D41956 /* Sources */ = {
			isa = PBXSourcesBuildPhase;
			buildActionMask = 2147483647;
			files = (
				A218855C1CACD92C0033C599 /* AdminViewController.swift in Sources */,
				A25E2A361C9BCE9C00E3A464 /* ImgLookupVC.swift in Sources */,
				A2DB31251CAC4224000065A9 /* ReviewTableViewCell.swift in Sources */,
				A29826711C9BAAA500B16098 /* CreateAccountViewController.swift in Sources */,
				A218855A1CACD6280033C599 /* MemberAdmin.swift in Sources */,
				A2434FB11CABA3F10082FAEC /* SearchViewController.swift in Sources */,
				A2DB31231CAC41BD000065A9 /* MyReviewsTableViewController.swift in Sources */,
				A2434FAF1CABA3BE0082FAEC /* MyAccountViewController.swift in Sources */,
				A212C98A1C83F15B00D41956 /* ViewController.swift in Sources */,
				A2434FB71CABAE350082FAEC /* TabController.swift in Sources */,
				A2150AD41CAC9F0B00F0393C /* Review.swift in Sources */,
				A2434FB51CABA4460082FAEC /* MyBookingViewController.swift in Sources */,
				A21885531CACCF190033C599 /* EditAccountViewController.swift in Sources */,
				A21885561CACD5E20033C599 /* MemberAdminTableViewController.swift in Sources */,
				A2434FB31CABA4100082FAEC /* MyPropertiesViewController.swift in Sources */,
				A212C9881C83F15B00D41956 /* AppDelegate.swift in Sources */,
				A25F89631CAB780D005CC592 /* HomeTabViewController.swift in Sources */,
				A21885581CACD5EF0033C599 /* MemberTableViewCell.swift in Sources */,
			);
			runOnlyForDeploymentPostprocessing = 0;
		};
/* End PBXSourcesBuildPhase section */

/* Begin PBXVariantGroup section */
		A212C98B1C83F15B00D41956 /* Main.storyboard */ = {
			isa = PBXVariantGroup;
			children = (
				A212C98C1C83F15B00D41956 /* Base */,
			);
			name = Main.storyboard;
			sourceTree = "<group>";
		};
		A212C9901C83F15B00D41956 /* LaunchScreen.storyboard */ = {
			isa = PBXVariantGroup;
			children = (
				A212C9911C83F15B00D41956 /* Base */,
			);
			name = LaunchScreen.storyboard;
			sourceTree = "<group>";
		};
/* End PBXVariantGroup section */

/* Begin XCBuildConfiguration section */
		A212C9941C83F15B00D41956 /* Debug */ = {
			isa = XCBuildConfiguration;
			buildSettings = {
				ALWAYS_SEARCH_USER_PATHS = NO;
				CLANG_CXX_LANGUAGE_STANDARD = "gnu++0x";
				CLANG_CXX_LIBRARY = "libc++";
				CLANG_ENABLE_MODULES = YES;
				CLANG_ENABLE_OBJC_ARC = YES;
				CLANG_WARN_BOOL_CONVERSION = YES;
				CLANG_WARN_CONSTANT_CONVERSION = YES;
				CLANG_WARN_DIRECT_OBJC_ISA_USAGE = YES_ERROR;
				CLANG_WARN_EMPTY_BODY = YES;
				CLANG_WARN_ENUM_CONVERSION = YES;
				CLANG_WARN_INT_CONVERSION = YES;
				CLANG_WARN_OBJC_ROOT_CLASS = YES_ERROR;
				CLANG_WARN_UNREACHABLE_CODE = YES;
				CLANG_WARN__DUPLICATE_METHOD_MATCH = YES;
				"CODE_SIGN_IDENTITY[sdk=iphoneos*]" = "iPhone Developer";
				COPY_PHASE_STRIP = NO;
				DEBUG_INFORMATION_FORMAT = dwarf;
				ENABLE_STRICT_OBJC_MSGSEND = YES;
				ENABLE_TESTABILITY = YES;
				GCC_C_LANGUAGE_STANDARD = gnu99;
				GCC_DYNAMIC_NO_PIC = NO;
				GCC_NO_COMMON_BLOCKS = YES;
				GCC_OPTIMIZATION_LEVEL = 0;
				GCC_PREPROCESSOR_DEFINITIONS = (
					"DEBUG=1",
					"$(inherited)",
				);
				GCC_WARN_64_TO_32_BIT_CONVERSION = YES;
				GCC_WARN_ABOUT_RETURN_TYPE = YES_ERROR;
				GCC_WARN_UNDECLARED_SELECTOR = YES;
				GCC_WARN_UNINITIALIZED_AUTOS = YES_AGGRESSIVE;
				GCC_WARN_UNUSED_FUNCTION = YES;
				GCC_WARN_UNUSED_VARIABLE = YES;
				IPHONEOS_DEPLOYMENT_TARGET = 9.2;
				MTL_ENABLE_DEBUG_INFO = YES;
				ONLY_ACTIVE_ARCH = YES;
				SDKROOT = iphoneos;
				SWIFT_OPTIMIZATION_LEVEL = "-Onone";
			};
			name = Debug;
		};
		A212C9951C83F15B00D41956 /* Release */ = {
			isa = XCBuildConfiguration;
			buildSettings = {
				ALWAYS_SEARCH_USER_PATHS = NO;
				CLANG_CXX_LANGUAGE_STANDARD = "gnu++0x";
				CLANG_CXX_LIBRARY = "libc++";
				CLANG_ENABLE_MODULES = YES;
				CLANG_ENABLE_OBJC_ARC = YES;
				CLANG_WARN_BOOL_CONVERSION = YES;
				CLANG_WARN_CONSTANT_CONVERSION = YES;
				CLANG_WARN_DIRECT_OBJC_ISA_USAGE = YES_ERROR;
				CLANG_WARN_EMPTY_BODY = YES;
				CLANG_WARN_ENUM_CONVERSION = YES;
				CLANG_WARN_INT_CONVERSION = YES;
				CLANG_WARN_OBJC_ROOT_CLASS = YES_ERROR;
				CLANG_WARN_UNREACHABLE_CODE = YES;
				CLANG_WARN__DUPLICATE_METHOD_MATCH = YES;
				"CODE_SIGN_IDENTITY[sdk=iphoneos*]" = "iPhone Developer";
				COPY_PHASE_STRIP = NO;
				DEBUG_INFORMATION_FORMAT = "dwarf-with-dsym";
				ENABLE_NS_ASSERTIONS = NO;
				ENABLE_STRICT_OBJC_MSGSEND = YES;
				GCC_C_LANGUAGE_STANDARD = gnu99;
				GCC_NO_COMMON_BLOCKS = YES;
				GCC_WARN_64_TO_32_BIT_CONVERSION = YES;
				GCC_WARN_ABOUT_RETURN_TYPE = YES_ERROR;
				GCC_WARN_UNDECLARED_SELECTOR = YES;
				GCC_WARN_UNINITIALIZED_AUTOS = YES_AGGRESSIVE;
				GCC_WARN_UNUSED_FUNCTION = YES;
				GCC_WARN_UNUSED_VARIABLE = YES;
				IPHONEOS_DEPLOYMENT_TARGET = 9.2;
				MTL_ENABLE_DEBUG_INFO = NO;
				SDKROOT = iphoneos;
				VALIDATE_PRODUCT = YES;
			};
			name = Release;
		};
		A212C9971C83F15B00D41956 /* Debug */ = {
			isa = XCBuildConfiguration;
			buildSettings = {
				ASSETCATALOG_COMPILER_APPICON_NAME = AppIcon;
				CODE_SIGN_IDENTITY = "iPhone Developer";
				"CODE_SIGN_IDENTITY[sdk=iphoneos*]" = "iPhone Developer";
				INFOPLIST_FILE = QBnB/Info.plist;
				LD_RUNPATH_SEARCH_PATHS = "$(inherited) @executable_path/Frameworks";
				PRODUCT_BUNDLE_IDENTIFIER = m8tr1x.QBnB;
				PRODUCT_NAME = "$(TARGET_NAME)";
				PROVISIONING_PROFILE = "";
			};
			name = Debug;
		};
		A212C9981C83F15B00D41956 /* Release */ = {
			isa = XCBuildConfiguration;
			buildSettings = {
				ASSETCATALOG_COMPILER_APPICON_NAME = AppIcon;
				CODE_SIGN_IDENTITY = "iPhone Developer";
				"CODE_SIGN_IDENTITY[sdk=iphoneos*]" = "iPhone Developer";
				INFOPLIST_FILE = QBnB/Info.plist;
				LD_RUNPATH_SEARCH_PATHS = "$(inherited) @executable_path/Frameworks";
				PRODUCT_BUNDLE_IDENTIFIER = m8tr1x.QBnB;
				PRODUCT_NAME = "$(TARGET_NAME)";
				PROVISIONING_PROFILE = "";
			};
			name = Release;
		};
/* End XCBuildConfiguration section */

/* Begin XCConfigurationList section */
		A212C97F1C83F15B00D41956 /* Build configuration list for PBXProject "QBnB" */ = {
			isa = XCConfigurationList;
			buildConfigurations = (
				A212C9941C83F15B00D41956 /* Debug */,
				A212C9951C83F15B00D41956 /* Release */,
			);
			defaultConfigurationIsVisible = 0;
			defaultConfigurationName = Release;
		};
		A212C9961C83F15B00D41956 /* Build configuration list for PBXNativeTarget "QBnB" */ = {
			isa = XCConfigurationList;
			buildConfigurations = (
				A212C9971C83F15B00D41956 /* Debug */,
				A212C9981C83F15B00D41956 /* Release */,
			);
			defaultConfigurationIsVisible = 0;
			defaultConfigurationName = Release;
		};
/* End XCConfigurationList section */
	};
	rootObject = A212C97C1C83F15B00D41956 /* Project object */;
}
